PODS:
  - Realm (2.5.1):
    - Realm/Headers (= 2.5.1)
  - Realm/Headers (2.5.1)
  - RealmSwift (2.5.1):
    - Realm (= 2.5.1)
  - Then (2.1.0)

DEPENDENCIES:
  - RealmSwift (~> 2.4)
  - Then

SPEC CHECKSUMS:
  Realm: 32f86104d37c8521f864d4274050b38ba6190733
  RealmSwift: f719e7511c902b8908593e8f143f59e47931bdb6
  Then: 8496793c8fcac95482b943909b440724c7d8d82c

PODFILE CHECKSUM: 205c4e52d8d960c07c7da79e3236ef019b42b3d7

COCOAPODS: 1.2.1
