PODS:
  - Realm (2.5.1):
    - Realm/Headers (= 2.5.1)
  - Realm/Headers (2.5.1)
  - RealmSwift (2.5.1):
    - Realm (= 2.5.1)

DEPENDENCIES:
  - RealmSwift (~> 2.4)

SPEC CHECKSUMS:
  Realm: 32f86104d37c8521f864d4274050b38ba6190733
  RealmSwift: f719e7511c902b8908593e8f143f59e47931bdb6

PODFILE CHECKSUM: f955a9bcbc97630dabacde1c42cb444c9e0b1534

COCOAPODS: 1.2.0
