// !$*UTF8*$!
{
	archiveVersion = 1;
	classes = {
	};
	objectVersion = 46;
	objects = {

/* Begin PBXBuildFile section */
		9C4A43C51E4A18F0003860FE /* AppDelegate.swift in Sources */ = {isa = PBXBuildFile; fileRef = 9C4A43C41E4A18F0003860FE /* AppDelegate.swift */; };
		9C4A43C71E4A18F0003860FE /* ViewController.swift in Sources */ = {isa = PBXBuildFile; fileRef = 9C4A43C61E4A18F0003860FE /* ViewController.swift */; };
		9C4A43C91E4A18F0003860FE /* Assets.xcassets in Resources */ = {isa = PBXBuildFile; fileRef = 9C4A43C81E4A18F0003860FE /* Assets.xcassets */; };
		9C4A43CC1E4A18F0003860FE /* Main.storyboard in Resources */ = {isa = PBXBuildFile; fileRef = 9C4A43CA1E4A18F0003860FE /* Main.storyboard */; };
		9C4A43D41E4A1BF0003860FE /* ScoresFile.swift in Sources */ = {isa = PBXBuildFile; fileRef = 9C4A43D31E4A1BF0003860FE /* ScoresFile.swift */; };
/* End PBXBuildFile section */

/* Begin PBXFileReference section */
		9C4A43C11E4A18F0003860FE /* PopBoard.app */ = {isa = PBXFileReference; explicitFileType = wrapper.application; includeInIndex = 0; path = PopBoard.app; sourceTree = BUILT_PRODUCTS_DIR; };
		9C4A43C41E4A18F0003860FE /* AppDelegate.swift */ = {isa = PBXFileReference; lastKnownFileType = sourcecode.swift; path = AppDelegate.swift; sourceTree = "<group>"; };
		9C4A43C61E4A18F0003860FE /* ViewController.swift */ = {isa = PBXFileReference; lastKnownFileType = sourcecode.swift; path = ViewController.swift; sourceTree = "<group>"; };
		9C4A43C81E4A18F0003860FE /* Assets.xcassets */ = {isa = PBXFileReference; lastKnownFileType = folder.assetcatalog; path = Assets.xcassets; sourceTree = "<group>"; };
		9C4A43CB1E4A18F0003860FE /* Base */ = {isa = PBXFileReference; lastKnownFileType = file.storyboard; name = Base; path = Base.lproj/Main.storyboard; sourceTree = "<group>"; };
		9C4A43CD1E4A18F0003860FE /* Info.plist */ = {isa = PBXFileReference; lastKnownFileType = text.plist.xml; path = Info.plist; sourceTree = "<group>"; };
		9C4A43D31E4A1BF0003860FE /* ScoresFile.swift */ = {isa = PBXFileReference; fileEncoding = 4; lastKnownFileType = sourcecode.swift; path = ScoresFile.swift; sourceTree = "<group>"; };
/* End PBXFileReference section */

/* Begin PBXFrameworksBuildPhase section */
		9C4A43BE1E4A18F0003860FE /* Frameworks */ = {
			isa = PBXFrameworksBuildPhase;
			buildActionMask = 2147483647;
			files = (
			);
			runOnlyForDeploymentPostprocessing = 0;
		};
/* End PBXFrameworksBuildPhase section */

/* Begin PBXGroup section */
		9C4A43B81E4A18F0003860FE = {
			isa = PBXGroup;
			children = (
				9C4A43C31E4A18F0003860FE /* PopBoard */,
				9C4A43C21E4A18F0003860FE /* Products */,
			);
			sourceTree = "<group>";
		};
		9C4A43C21E4A18F0003860FE /* Products */ = {
			isa = PBXGroup;
			children = (
				9C4A43C11E4A18F0003860FE /* PopBoard.app */,
			);
			name = Products;
			sourceTree = "<group>";
		};
		9C4A43C31E4A18F0003860FE /* PopBoard */ = {
			isa = PBXGroup;
			children = (
				9C4A43C41E4A18F0003860FE /* AppDelegate.swift */,
				9C4A43C61E4A18F0003860FE /* ViewController.swift */,
				9C4A43D31E4A1BF0003860FE /* ScoresFile.swift */,
				9C4A43C81E4A18F0003860FE /* Assets.xcassets */,
				9C4A43CA1E4A18F0003860FE /* Main.storyboard */,
				9C4A43CD1E4A18F0003860FE /* Info.plist */,
			);
			path = PopBoard;
			sourceTree = "<group>";
		};
/* End PBXGroup section */

/* Begin PBXNativeTarget section */
		9C4A43C01E4A18F0003860FE /* PopBoard */ = {
			isa = PBXNativeTarget;
			buildConfigurationList = 9C4A43D01E4A18F0003860FE /* Build configuration list for PBXNativeTarget "PopBoard" */;
			buildPhases = (
				9C4A43BD1E4A18F0003860FE /* Sources */,
				9C4A43BE1E4A18F0003860FE /* Frameworks */,
				9C4A43BF1E4A18F0003860FE /* Resources */,
			);
			buildRules = (
			);
			dependencies = (
			);
			name = PopBoard;
			productName = PopBoard;
			productReference = 9C4A43C11E4A18F0003860FE /* PopBoard.app */;
			productType = "com.apple.product-type.application";
		};
/* End PBXNativeTarget section */

/* Begin PBXProject section */
		9C4A43B91E4A18F0003860FE /* Project object */ = {
			isa = PBXProject;
			attributes = {
				LastSwiftUpdateCheck = 0820;
				LastUpgradeCheck = 0820;
				ORGANIZATIONNAME = "Realm Inc.";
				TargetAttributes = {
					9C4A43C01E4A18F0003860FE = {
						CreatedOnToolsVersion = 8.2.1;
						DevelopmentTeam = 9MF8G8D9Y5;
						ProvisioningStyle = Automatic;
					};
				};
			};
			buildConfigurationList = 9C4A43BC1E4A18F0003860FE /* Build configuration list for PBXProject "PopBoard" */;
			compatibilityVersion = "Xcode 3.2";
			developmentRegion = English;
			hasScannedForEncodings = 0;
			knownRegions = (
				en,
				Base,
			);
			mainGroup = 9C4A43B81E4A18F0003860FE;
			productRefGroup = 9C4A43C21E4A18F0003860FE /* Products */;
			projectDirPath = "";
			projectRoot = "";
			targets = (
				9C4A43C01E4A18F0003860FE /* PopBoard */,
			);
		};
/* End PBXProject section */

/* Begin PBXResourcesBuildPhase section */
		9C4A43BF1E4A18F0003860FE /* Resources */ = {
			isa = PBXResourcesBuildPhase;
			buildActionMask = 2147483647;
			files = (
				9C4A43C91E4A18F0003860FE /* Assets.xcassets in Resources */,
				9C4A43CC1E4A18F0003860FE /* Main.storyboard in Resources */,
			);
			runOnlyForDeploymentPostprocessing = 0;
		};
/* End PBXResourcesBuildPhase section */

/* Begin PBXSourcesBuildPhase section */
		9C4A43BD1E4A18F0003860FE /* Sources */ = {
			isa = PBXSourcesBuildPhase;
			buildActionMask = 2147483647;
			files = (
				9C4A43C71E4A18F0003860FE /* ViewController.swift in Sources */,
				9C4A43D41E4A1BF0003860FE /* ScoresFile.swift in Sources */,
				9C4A43C51E4A18F0003860FE /* AppDelegate.swift in Sources */,
			);
			runOnlyForDeploymentPostprocessing = 0;
		};
/* End PBXSourcesBuildPhase section */

/* Begin PBXVariantGroup section */
		9C4A43CA1E4A18F0003860FE /* Main.storyboard */ = {
			isa = PBXVariantGroup;
			children = (
				9C4A43CB1E4A18F0003860FE /* Base */,
			);
			name = Main.storyboard;
			sourceTree = "<group>";
		};
/* End PBXVariantGroup section */

/* Begin XCBuildConfiguration section */
		9C4A43CE1E4A18F0003860FE /* Debug */ = {
			isa = XCBuildConfiguration;
			buildSettings = {
				ALWAYS_SEARCH_USER_PATHS = NO;
				CLANG_ANALYZER_NONNULL = YES;
				CLANG_CXX_LANGUAGE_STANDARD = "gnu++0x";
				CLANG_CXX_LIBRARY = "libc++";
				CLANG_ENABLE_MODULES = YES;
				CLANG_ENABLE_OBJC_ARC = YES;
				CLANG_WARN_BOOL_CONVERSION = YES;
				CLANG_WARN_CONSTANT_CONVERSION = YES;
				CLANG_WARN_DIRECT_OBJC_ISA_USAGE = YES_ERROR;
				CLANG_WARN_DOCUMENTATION_COMMENTS = YES;
				CLANG_WARN_EMPTY_BODY = YES;
				CLANG_WARN_ENUM_CONVERSION = YES;
				CLANG_WARN_INFINITE_RECURSION = YES;
				CLANG_WARN_INT_CONVERSION = YES;
				CLANG_WARN_OBJC_ROOT_CLASS = YES_ERROR;
				CLANG_WARN_SUSPICIOUS_MOVE = YES;
				CLANG_WARN_UNREACHABLE_CODE = YES;
				CLANG_WARN__DUPLICATE_METHOD_MATCH = YES;
				CODE_SIGN_IDENTITY = "-";
				COPY_PHASE_STRIP = NO;
				DEBUG_INFORMATION_FORMAT = dwarf;
				ENABLE_STRICT_OBJC_MSGSEND = YES;
				ENABLE_TESTABILITY = YES;
				GCC_C_LANGUAGE_STANDARD = gnu99;
				GCC_DYNAMIC_NO_PIC = NO;
				GCC_NO_COMMON_BLOCKS = YES;
				GCC_OPTIMIZATION_LEVEL = 0;
				GCC_PREPROCESSOR_DEFINITIONS = (
					"DEBUG=1",
					"$(inherited)",
				);
				GCC_WARN_64_TO_32_BIT_CONVERSION = YES;
				GCC_WARN_ABOUT_RETURN_TYPE = YES_ERROR;
				GCC_WARN_UNDECLARED_SELECTOR = YES;
				GCC_WARN_UNINITIALIZED_AUTOS = YES_AGGRESSIVE;
				GCC_WARN_UNUSED_FUNCTION = YES;
				GCC_WARN_UNUSED_VARIABLE = YES;
				MACOSX_DEPLOYMENT_TARGET = 10.12;
				MTL_ENABLE_DEBUG_INFO = YES;
				ONLY_ACTIVE_ARCH = YES;
				SDKROOT = macosx;
				SWIFT_ACTIVE_COMPILATION_CONDITIONS = DEBUG;
				SWIFT_OPTIMIZATION_LEVEL = "-Onone";
			};
			name = Debug;
		};
		9C4A43CF1E4A18F0003860FE /* Release */ = {
			isa = XCBuildConfiguration;
			buildSettings = {
				ALWAYS_SEARCH_USER_PATHS = NO;
				CLANG_ANALYZER_NONNULL = YES;
				CLANG_CXX_LANGUAGE_STANDARD = "gnu++0x";
				CLANG_CXX_LIBRARY = "libc++";
				CLANG_ENABLE_MODULES = YES;
				CLANG_ENABLE_OBJC_ARC = YES;
				CLANG_WARN_BOOL_CONVERSION = YES;
				CLANG_WARN_CONSTANT_CONVERSION = YES;
				CLANG_WARN_DIRECT_OBJC_ISA_USAGE = YES_ERROR;
				CLANG_WARN_DOCUMENTATION_COMMENTS = YES;
				CLANG_WARN_EMPTY_BODY = YES;
				CLANG_WARN_ENUM_CONVERSION = YES;
				CLANG_WARN_INFINITE_RECURSION = YES;
				CLANG_WARN_INT_CONVERSION = YES;
				CLANG_WARN_OBJC_ROOT_CLASS = YES_ERROR;
				CLANG_WARN_SUSPICIOUS_MOVE = YES;
				CLANG_WARN_UNREACHABLE_CODE = YES;
				CLANG_WARN__DUPLICATE_METHOD_MATCH = YES;
				CODE_SIGN_IDENTITY = "-";
				COPY_PHASE_STRIP = NO;
				DEBUG_INFORMATION_FORMAT = "dwarf-with-dsym";
				ENABLE_NS_ASSERTIONS = NO;
				ENABLE_STRICT_OBJC_MSGSEND = YES;
				GCC_C_LANGUAGE_STANDARD = gnu99;
				GCC_NO_COMMON_BLOCKS = YES;
				GCC_WARN_64_TO_32_BIT_CONVERSION = YES;
				GCC_WARN_ABOUT_RETURN_TYPE = YES_ERROR;
				GCC_WARN_UNDECLARED_SELECTOR = YES;
				GCC_WARN_UNINITIALIZED_AUTOS = YES_AGGRESSIVE;
				GCC_WARN_UNUSED_FUNCTION = YES;
				GCC_WARN_UNUSED_VARIABLE = YES;
				MACOSX_DEPLOYMENT_TARGET = 10.12;
				MTL_ENABLE_DEBUG_INFO = NO;
				SDKROOT = macosx;
				SWIFT_OPTIMIZATION_LEVEL = "-Owholemodule";
			};
			name = Release;
		};
		9C4A43D11E4A18F0003860FE /* Debug */ = {
			isa = XCBuildConfiguration;
			buildSettings = {
				ASSETCATALOG_COMPILER_APPICON_NAME = AppIcon;
				COMBINE_HIDPI_IMAGES = YES;
				DEVELOPMENT_TEAM = 9MF8G8D9Y5;
				INFOPLIST_FILE = PopBoard/Info.plist;
				LD_RUNPATH_SEARCH_PATHS = "$(inherited) @executable_path/../Frameworks";
				PRODUCT_BUNDLE_IDENTIFIER = io.realm.PopBoard;
				PRODUCT_NAME = "$(TARGET_NAME)";
				SWIFT_VERSION = 3.0;
			};
			name = Debug;
		};
		9C4A43D21E4A18F0003860FE /* Release */ = {
			isa = XCBuildConfiguration;
			buildSettings = {
				ASSETCATALOG_COMPILER_APPICON_NAME = AppIcon;
				COMBINE_HIDPI_IMAGES = YES;
				DEVELOPMENT_TEAM = 9MF8G8D9Y5;
				INFOPLIST_FILE = PopBoard/Info.plist;
				LD_RUNPATH_SEARCH_PATHS = "$(inherited) @executable_path/../Frameworks";
				PRODUCT_BUNDLE_IDENTIFIER = io.realm.PopBoard;
				PRODUCT_NAME = "$(TARGET_NAME)";
				SWIFT_VERSION = 3.0;
			};
			name = Release;
		};
/* End XCBuildConfiguration section */

/* Begin XCConfigurationList section */
		9C4A43BC1E4A18F0003860FE /* Build configuration list for PBXProject "PopBoard" */ = {
			isa = XCConfigurationList;
			buildConfigurations = (
				9C4A43CE1E4A18F0003860FE /* Debug */,
				9C4A43CF1E4A18F0003860FE /* Release */,
			);
			defaultConfigurationIsVisible = 0;
			defaultConfigurationName = Release;
		};
		9C4A43D01E4A18F0003860FE /* Build configuration list for PBXNativeTarget "PopBoard" */ = {
			isa = XCConfigurationList;
			buildConfigurations = (
				9C4A43D11E4A18F0003860FE /* Debug */,
				9C4A43D21E4A18F0003860FE /* Release */,
			);
			defaultConfigurationIsVisible = 0;
		};
/* End XCConfigurationList section */
	};
	rootObject = 9C4A43B91E4A18F0003860FE /* Project object */;
}
